
Microsoft Visual Studio Solution File, Format Version 12.00
Project("{FAE04EC0-301F-11D3-BF4B-00C04F79EFBC}") = "AzureBillingExporter", "AzureBillingExporter.csproj", "{E41DA649-9611-4BE8-96C8-FAA3BA49BAD2}"
EndProject
Global
	GlobalSection(SolutionConfigurationPlatforms) = preSolution
		Debug|Any CPU = Debug|Any CPU
		Release|Any CPU = Release|Any CPU
	EndGlobalSection
	GlobalSection(ProjectConfigurationPlatforms) = postSolution
		{E41DA649-9611-4BE8-96C8-FAA3BA49BAD2}.Debug|Any CPU.ActiveCfg = Debug|Any CPU
		{E41DA649-9611-4BE8-96C8-FAA3BA49BAD2}.Debug|Any CPU.Build.0 = Debug|Any CPU
		{E41DA649-9611-4BE8-96C8-FAA3BA49BAD2}.Release|Any CPU.ActiveCfg = Release|Any CPU
		{E41DA649-9611-4BE8-96C8-FAA3BA49BAD2}.Release|Any CPU.Build.0 = Release|Any CPU
	EndGlobalSection
EndGlobal
